
Microsoft Visual Studio Solution File, Format Version 12.00
# Visual Studio Version 16
VisualStudioVersion = 16.0.30621.155
MinimumVisualStudioVersion = 10.0.40219.1
Project("{FAE04EC0-301F-11D3-BF4B-00C04F79EFBC}") = "ForwardingUtils.Contract", "ForwardingUtils\ForwardingUtils.Contract\ForwardingUtils.Contract.csproj", "{4EB82CC4-E4C3-4C88-BC01-A1C8126175FA}"
EndProject
Project("{2150E333-8FDC-42A3-9474-1A3956D46DE8}") = "ForwardingUtils", "ForwardingUtils", "{5C551021-92A7-4319-9C8E-56EDCB1B8364}"
EndProject
Project("{FAE04EC0-301F-11D3-BF4B-00C04F79EFBC}") = "ForwardingUtils", "ForwardingUtils\ForwardingUtils\ForwardingUtils.csproj", "{391C5245-3C0E-4AD0-BB39-97C6AAED0F28}"
EndProject
Project("{2150E333-8FDC-42A3-9474-1A3956D46DE8}") = "DatabaseUtils", "DatabaseUtils", "{EB35D273-B47E-49C2-B946-898000739F72}"
EndProject
Project("{FAE04EC0-301F-11D3-BF4B-00C04F79EFBC}") = "DatabaseUtils.Contract", "DatabaseUtils\DatabaseUtils.Contract\DatabaseUtils.Contract.csproj", "{9A623190-194B-4945-8F3E-CF842285F6B6}"
EndProject
Project("{FAE04EC0-301F-11D3-BF4B-00C04F79EFBC}") = "DatabaseUtils", "DatabaseUtils\DatabaseUtils\DatabaseUtils.csproj", "{EC50F96D-D7D0-430D-BB00-48C4BD833B4F}"
EndProject
Project("{2150E333-8FDC-42A3-9474-1A3956D46DE8}") = "CustomModuleUtils", "CustomModuleUtils", "{6A530446-7F10-433A-808E-07F521132E68}"
EndProject
Project("{FAE04EC0-301F-11D3-BF4B-00C04F79EFBC}") = "CustomModuleUtils.Contract", "CustomModuleUtils\CustomModuleUtils.Contract\CustomModuleUtils.Contract.csproj", "{69784AF4-32DE-4C03-89F1-EEABBBBBBBF9}"
EndProject
Project("{FAE04EC0-301F-11D3-BF4B-00C04F79EFBC}") = "CustomModuleUtils", "CustomModuleUtils\CustomModuleUtils\CustomModuleUtils.csproj", "{BB56E4D6-6B73-4FDC-9944-634B67E10844}"
EndProject
Project("{2150E333-8FDC-42A3-9474-1A3956D46DE8}") = "UserInterface", "UserInterface", "{0EF609C7-1B94-4556-8175-A614F115D4EF}"
EndProject
Project("{FAE04EC0-301F-11D3-BF4B-00C04F79EFBC}") = "ForwardingControllerGUI", "UserInterface\ForwardingControllerGUI\ForwardingControllerGUI.csproj", "{BB089863-D177-4E94-B3BF-A300026CD09D}"
EndProject
Project("{FAE04EC0-301F-11D3-BF4B-00C04F79EFBC}") = "ForwardingControllerConsole", "UserInterface\ForwardingControllerConsole\ForwardingControllerConsole.csproj", "{C3320FFE-3A55-42B0-878A-1E5AFAFBF20D}"
EndProject
Project("{2150E333-8FDC-42A3-9474-1A3956D46DE8}") = "Infrastructure", "Infrastructure", "{59360CE4-7556-46BD-B4EC-7000DC7CD192}"
EndProject
Project("{FAE04EC0-301F-11D3-BF4B-00C04F79EFBC}") = "NinjectBindingManaging", "Infrastructure\NinjectBindingManaging\NinjectBindingManaging.csproj", "{C4216E92-846A-4216-9687-8C88657FB2D3}"
EndProject
Project("{2150E333-8FDC-42A3-9474-1A3956D46DE8}") = "CrossCutting", "CrossCutting", "{406649BB-4EE5-4803-829E-58E879E1A323}"
EndProject
Project("{FAE04EC0-301F-11D3-BF4B-00C04F79EFBC}") = "SharedItems", "CrossCutting\SharedItems\SharedItems.csproj", "{B20511EB-9487-4C14-89FC-F7D59AC7805A}"
EndProject
Project("{2150E333-8FDC-42A3-9474-1A3956D46DE8}") = "SettingsUtils", "SettingsUtils", "{8654F32A-28DA-4BBD-81AB-DB1B0BADBAE9}"
EndProject
Project("{FAE04EC0-301F-11D3-BF4B-00C04F79EFBC}") = "SettingsUtils.Contract", "SettingsUtils\SettingsUtils.Contract\SettingsUtils.Contract.csproj", "{D581802F-1A35-48C2-9886-93D8933D1CD3}"
EndProject
Project("{FAE04EC0-301F-11D3-BF4B-00C04F79EFBC}") = "SettingsUtils", "SettingsUtils\SettingsUtils\SettingsUtils.csproj", "{502B9CC1-8AE1-426A-8FBE-92AB4D597F15}"
EndProject
Project("{FAE04EC0-301F-11D3-BF4B-00C04F79EFBC}") = "ForwardingUtils.SharedItems", "CrossCutting\ForwardingUtils.SharedItems\ForwardingUtils.SharedItems.csproj", "{72D936B7-EE29-4172-B3B8-086CAEE31E61}"
EndProject
Project("{2150E333-8FDC-42A3-9474-1A3956D46DE8}") = "CustomModules", "CustomModules", "{0CF4905E-3A4C-4FEE-8428-B72731CA1A4A}"
EndProject
Project("{FAE04EC0-301F-11D3-BF4B-00C04F79EFBC}") = "DefaultModule", "CustomModuleUtils\CustomModules\DefaultModule\DefaultModule.csproj", "{D2678B5B-BD46-4501-B6B8-13B9AC081AE8}"
EndProject
Project("{FAE04EC0-301F-11D3-BF4B-00C04F79EFBC}") = "CustomModule.Contract", "CustomModuleUtils\CustomModules\CustomModule.Contract\CustomModule.Contract.csproj", "{10582F35-561E-49A3-B240-055465468127}"
EndProject
Project("{FAE04EC0-301F-11D3-BF4B-00C04F79EFBC}") = "SettingsUtils.SharedItems", "CrossCutting\SettingsUtils.SharedItems\SettingsUtils.SharedItems.csproj", "{145798D8-3C76-446F-AD29-395AA457C265}"
EndProject
Global
	GlobalSection(SolutionConfigurationPlatforms) = preSolution
		Debug|Any CPU = Debug|Any CPU
		Release|Any CPU = Release|Any CPU
	EndGlobalSection
	GlobalSection(ProjectConfigurationPlatforms) = postSolution
		{4EB82CC4-E4C3-4C88-BC01-A1C8126175FA}.Debug|Any CPU.ActiveCfg = Debug|Any CPU
		{4EB82CC4-E4C3-4C88-BC01-A1C8126175FA}.Debug|Any CPU.Build.0 = Debug|Any CPU
		{4EB82CC4-E4C3-4C88-BC01-A1C8126175FA}.Release|Any CPU.ActiveCfg = Release|Any CPU
		{4EB82CC4-E4C3-4C88-BC01-A1C8126175FA}.Release|Any CPU.Build.0 = Release|Any CPU
		{391C5245-3C0E-4AD0-BB39-97C6AAED0F28}.Debug|Any CPU.ActiveCfg = Debug|Any CPU
		{391C5245-3C0E-4AD0-BB39-97C6AAED0F28}.Debug|Any CPU.Build.0 = Debug|Any CPU
		{391C5245-3C0E-4AD0-BB39-97C6AAED0F28}.Release|Any CPU.ActiveCfg = Release|Any CPU
		{391C5245-3C0E-4AD0-BB39-97C6AAED0F28}.Release|Any CPU.Build.0 = Release|Any CPU
		{9A623190-194B-4945-8F3E-CF842285F6B6}.Debug|Any CPU.ActiveCfg = Debug|Any CPU
		{9A623190-194B-4945-8F3E-CF842285F6B6}.Debug|Any CPU.Build.0 = Debug|Any CPU
		{9A623190-194B-4945-8F3E-CF842285F6B6}.Release|Any CPU.ActiveCfg = Release|Any CPU
		{9A623190-194B-4945-8F3E-CF842285F6B6}.Release|Any CPU.Build.0 = Release|Any CPU
		{EC50F96D-D7D0-430D-BB00-48C4BD833B4F}.Debug|Any CPU.ActiveCfg = Debug|Any CPU
		{EC50F96D-D7D0-430D-BB00-48C4BD833B4F}.Debug|Any CPU.Build.0 = Debug|Any CPU
		{EC50F96D-D7D0-430D-BB00-48C4BD833B4F}.Release|Any CPU.ActiveCfg = Release|Any CPU
		{EC50F96D-D7D0-430D-BB00-48C4BD833B4F}.Release|Any CPU.Build.0 = Release|Any CPU
		{69784AF4-32DE-4C03-89F1-EEABBBBBBBF9}.Debug|Any CPU.ActiveCfg = Debug|Any CPU
		{69784AF4-32DE-4C03-89F1-EEABBBBBBBF9}.Debug|Any CPU.Build.0 = Debug|Any CPU
		{69784AF4-32DE-4C03-89F1-EEABBBBBBBF9}.Release|Any CPU.ActiveCfg = Release|Any CPU
		{69784AF4-32DE-4C03-89F1-EEABBBBBBBF9}.Release|Any CPU.Build.0 = Release|Any CPU
		{BB56E4D6-6B73-4FDC-9944-634B67E10844}.Debug|Any CPU.ActiveCfg = Debug|Any CPU
		{BB56E4D6-6B73-4FDC-9944-634B67E10844}.Debug|Any CPU.Build.0 = Debug|Any CPU
		{BB56E4D6-6B73-4FDC-9944-634B67E10844}.Release|Any CPU.ActiveCfg = Release|Any CPU
		{BB56E4D6-6B73-4FDC-9944-634B67E10844}.Release|Any CPU.Build.0 = Release|Any CPU
		{BB089863-D177-4E94-B3BF-A300026CD09D}.Debug|Any CPU.ActiveCfg = Debug|Any CPU
		{BB089863-D177-4E94-B3BF-A300026CD09D}.Debug|Any CPU.Build.0 = Debug|Any CPU
		{BB089863-D177-4E94-B3BF-A300026CD09D}.Release|Any CPU.ActiveCfg = Release|Any CPU
		{BB089863-D177-4E94-B3BF-A300026CD09D}.Release|Any CPU.Build.0 = Release|Any CPU
		{C3320FFE-3A55-42B0-878A-1E5AFAFBF20D}.Debug|Any CPU.ActiveCfg = Debug|Any CPU
		{C3320FFE-3A55-42B0-878A-1E5AFAFBF20D}.Debug|Any CPU.Build.0 = Debug|Any CPU
		{C3320FFE-3A55-42B0-878A-1E5AFAFBF20D}.Release|Any CPU.ActiveCfg = Release|Any CPU
		{C3320FFE-3A55-42B0-878A-1E5AFAFBF20D}.Release|Any CPU.Build.0 = Release|Any CPU
		{C4216E92-846A-4216-9687-8C88657FB2D3}.Debug|Any CPU.ActiveCfg = Debug|Any CPU
		{C4216E92-846A-4216-9687-8C88657FB2D3}.Debug|Any CPU.Build.0 = Debug|Any CPU
		{C4216E92-846A-4216-9687-8C88657FB2D3}.Release|Any CPU.ActiveCfg = Release|Any CPU
		{C4216E92-846A-4216-9687-8C88657FB2D3}.Release|Any CPU.Build.0 = Release|Any CPU
		{B20511EB-9487-4C14-89FC-F7D59AC7805A}.Debug|Any CPU.ActiveCfg = Debug|Any CPU
		{B20511EB-9487-4C14-89FC-F7D59AC7805A}.Debug|Any CPU.Build.0 = Debug|Any CPU
		{B20511EB-9487-4C14-89FC-F7D59AC7805A}.Release|Any CPU.ActiveCfg = Release|Any CPU
		{B20511EB-9487-4C14-89FC-F7D59AC7805A}.Release|Any CPU.Build.0 = Release|Any CPU
		{D581802F-1A35-48C2-9886-93D8933D1CD3}.Debug|Any CPU.ActiveCfg = Debug|Any CPU
		{D581802F-1A35-48C2-9886-93D8933D1CD3}.Debug|Any CPU.Build.0 = Debug|Any CPU
		{D581802F-1A35-48C2-9886-93D8933D1CD3}.Release|Any CPU.ActiveCfg = Release|Any CPU
		{D581802F-1A35-48C2-9886-93D8933D1CD3}.Release|Any CPU.Build.0 = Release|Any CPU
		{502B9CC1-8AE1-426A-8FBE-92AB4D597F15}.Debug|Any CPU.ActiveCfg = Debug|Any CPU
		{502B9CC1-8AE1-426A-8FBE-92AB4D597F15}.Debug|Any CPU.Build.0 = Debug|Any CPU
		{502B9CC1-8AE1-426A-8FBE-92AB4D597F15}.Release|Any CPU.ActiveCfg = Release|Any CPU
		{502B9CC1-8AE1-426A-8FBE-92AB4D597F15}.Release|Any CPU.Build.0 = Release|Any CPU
		{72D936B7-EE29-4172-B3B8-086CAEE31E61}.Debug|Any CPU.ActiveCfg = Debug|Any CPU
		{72D936B7-EE29-4172-B3B8-086CAEE31E61}.Debug|Any CPU.Build.0 = Debug|Any CPU
		{72D936B7-EE29-4172-B3B8-086CAEE31E61}.Release|Any CPU.ActiveCfg = Release|Any CPU
		{72D936B7-EE29-4172-B3B8-086CAEE31E61}.Release|Any CPU.Build.0 = Release|Any CPU
		{D2678B5B-BD46-4501-B6B8-13B9AC081AE8}.Debug|Any CPU.ActiveCfg = Debug|Any CPU
		{D2678B5B-BD46-4501-B6B8-13B9AC081AE8}.Debug|Any CPU.Build.0 = Debug|Any CPU
		{D2678B5B-BD46-4501-B6B8-13B9AC081AE8}.Release|Any CPU.ActiveCfg = Release|Any CPU
		{D2678B5B-BD46-4501-B6B8-13B9AC081AE8}.Release|Any CPU.Build.0 = Release|Any CPU
		{10582F35-561E-49A3-B240-055465468127}.Debug|Any CPU.ActiveCfg = Debug|Any CPU
		{10582F35-561E-49A3-B240-055465468127}.Debug|Any CPU.Build.0 = Debug|Any CPU
		{10582F35-561E-49A3-B240-055465468127}.Release|Any CPU.ActiveCfg = Release|Any CPU
		{10582F35-561E-49A3-B240-055465468127}.Release|Any CPU.Build.0 = Release|Any CPU
		{145798D8-3C76-446F-AD29-395AA457C265}.Debug|Any CPU.ActiveCfg = Debug|Any CPU
		{145798D8-3C76-446F-AD29-395AA457C265}.Debug|Any CPU.Build.0 = Debug|Any CPU
		{145798D8-3C76-446F-AD29-395AA457C265}.Release|Any CPU.ActiveCfg = Release|Any CPU
		{145798D8-3C76-446F-AD29-395AA457C265}.Release|Any CPU.Build.0 = Release|Any CPU
	EndGlobalSection
	GlobalSection(SolutionProperties) = preSolution
		HideSolutionNode = FALSE
	EndGlobalSection
	GlobalSection(NestedProjects) = preSolution
		{4EB82CC4-E4C3-4C88-BC01-A1C8126175FA} = {5C551021-92A7-4319-9C8E-56EDCB1B8364}
		{391C5245-3C0E-4AD0-BB39-97C6AAED0F28} = {5C551021-92A7-4319-9C8E-56EDCB1B8364}
		{9A623190-194B-4945-8F3E-CF842285F6B6} = {EB35D273-B47E-49C2-B946-898000739F72}
		{EC50F96D-D7D0-430D-BB00-48C4BD833B4F} = {EB35D273-B47E-49C2-B946-898000739F72}
		{69784AF4-32DE-4C03-89F1-EEABBBBBBBF9} = {6A530446-7F10-433A-808E-07F521132E68}
		{BB56E4D6-6B73-4FDC-9944-634B67E10844} = {6A530446-7F10-433A-808E-07F521132E68}
		{BB089863-D177-4E94-B3BF-A300026CD09D} = {0EF609C7-1B94-4556-8175-A614F115D4EF}
		{C3320FFE-3A55-42B0-878A-1E5AFAFBF20D} = {0EF609C7-1B94-4556-8175-A614F115D4EF}
		{C4216E92-846A-4216-9687-8C88657FB2D3} = {59360CE4-7556-46BD-B4EC-7000DC7CD192}
		{B20511EB-9487-4C14-89FC-F7D59AC7805A} = {406649BB-4EE5-4803-829E-58E879E1A323}
		{D581802F-1A35-48C2-9886-93D8933D1CD3} = {8654F32A-28DA-4BBD-81AB-DB1B0BADBAE9}
		{502B9CC1-8AE1-426A-8FBE-92AB4D597F15} = {8654F32A-28DA-4BBD-81AB-DB1B0BADBAE9}
		{72D936B7-EE29-4172-B3B8-086CAEE31E61} = {406649BB-4EE5-4803-829E-58E879E1A323}
		{0CF4905E-3A4C-4FEE-8428-B72731CA1A4A} = {6A530446-7F10-433A-808E-07F521132E68}
		{D2678B5B-BD46-4501-B6B8-13B9AC081AE8} = {0CF4905E-3A4C-4FEE-8428-B72731CA1A4A}
		{10582F35-561E-49A3-B240-055465468127} = {0CF4905E-3A4C-4FEE-8428-B72731CA1A4A}
		{145798D8-3C76-446F-AD29-395AA457C265} = {406649BB-4EE5-4803-829E-58E879E1A323}
	EndGlobalSection
	GlobalSection(ExtensibilityGlobals) = postSolution
		SolutionGuid = {68040CE1-9A7B-4591-915F-5D294D3BBF6D}
	EndGlobalSection
EndGlobal
